# This file is automatically @generated by Cargo.
# It is not intended for manual editing.
version = 4

[[package]]
name = "id_sys"
version = "0.1.0"

[[package]]
name = "no_engine"
version = "0.1.0"
dependencies = [
 "id_sys",
 "no_engine_abstractions",
]

[[package]]
name = "no_engine_abstractions"
version = "0.1.0"
dependencies = [
 "id_sys",
]

[[package]]
name = "no_engine_impl_bevy"
version = "0.1.0"
dependencies = [
 "id_sys",
 "no_engine_abstractions",
]

[[package]]
name = "no_engine_impl_extern"
version = "0.1.0"
dependencies = [
 "id_sys",
 "no_engine_abstractions",
]

[[package]]
name = "no_engine_test_game"
version = "0.1.0"
dependencies = [
 "id_sys",
 "no_engine",
 "no_engine_impl_extern",
]
